
Microsoft Visual Studio Solution File, Format Version 12.00
# Visual Studio Version 16
VisualStudioVersion = 16.0.31424.327
MinimumVisualStudioVersion = 10.0.40219.1
Project("{FAE04EC0-301F-11D3-BF4B-00C04F79EFBC}") = "SortingAlgorithms", "SortingAlgorithms\SortingAlgorithms.csproj", "{3653624F-CA1B-4C19-8E05-769B1E18F0DE}"
EndProject
Global
	GlobalSection(SolutionConfigurationPlatforms) = preSolution
		Debug|Any CPU = Debug|Any CPU
		Release|Any CPU = Release|Any CPU
	EndGlobalSection
	GlobalSection(ProjectConfigurationPlatforms) = postSolution
		{3653624F-CA1B-4C19-8E05-769B1E18F0DE}.Debug|Any CPU.ActiveCfg = Debug|Any CPU
		{3653624F-CA1B-4C19-8E05-769B1E18F0DE}.Debug|Any CPU.Build.0 = Debug|Any CPU
		{3653624F-CA1B-4C19-8E05-769B1E18F0DE}.Release|Any CPU.ActiveCfg = Release|Any CPU
		{3653624F-CA1B-4C19-8E05-769B1E18F0DE}.Release|Any CPU.Build.0 = Release|Any CPU
	EndGlobalSection
	GlobalSection(SolutionProperties) = preSolution
		HideSolutionNode = FALSE
	EndGlobalSection
	GlobalSection(ExtensibilityGlobals) = postSolution
		SolutionGuid = {1AE679C0-7D98-452F-B530-1D98B841DF37}
	EndGlobalSection
EndGlobal
