
Microsoft Visual Studio Solution File, Format Version 12.00
# Visual Studio Version 16
VisualStudioVersion = 16.0.31424.327
MinimumVisualStudioVersion = 10.0.40219.1
Project("{FAE04EC0-301F-11D3-BF4B-00C04F79EFBC}") = "SearchingAlgorithms", "SearchingAlgorithms\SearchingAlgorithms.csproj", "{B236177C-9A5C-4CED-9251-500AB6C7B924}"
EndProject
Global
	GlobalSection(SolutionConfigurationPlatforms) = preSolution
		Debug|Any CPU = Debug|Any CPU
		Release|Any CPU = Release|Any CPU
	EndGlobalSection
	GlobalSection(ProjectConfigurationPlatforms) = postSolution
		{B236177C-9A5C-4CED-9251-500AB6C7B924}.Debug|Any CPU.ActiveCfg = Debug|Any CPU
		{B236177C-9A5C-4CED-9251-500AB6C7B924}.Debug|Any CPU.Build.0 = Debug|Any CPU
		{B236177C-9A5C-4CED-9251-500AB6C7B924}.Release|Any CPU.ActiveCfg = Release|Any CPU
		{B236177C-9A5C-4CED-9251-500AB6C7B924}.Release|Any CPU.Build.0 = Release|Any CPU
	EndGlobalSection
	GlobalSection(SolutionProperties) = preSolution
		HideSolutionNode = FALSE
	EndGlobalSection
	GlobalSection(ExtensibilityGlobals) = postSolution
		SolutionGuid = {79DE54CC-EAB6-478B-9C5D-07C6CB6588AE}
	EndGlobalSection
EndGlobal
